// !$*UTF8*$!
{
	archiveVersion = 1;
	classes = {
	};
	objectVersion = 46;
	objects = {

/* Begin PBXBuildFile section */
		CB7472A11852C6060037448B /* UIKit.framework in Frameworks */ = {isa = PBXBuildFile; fileRef = CB7472A01852C6060037448B /* UIKit.framework */; };
		CB7472A31852C6060037448B /* Foundation.framework in Frameworks */ = {isa = PBXBuildFile; fileRef = CB7472A21852C6060037448B /* Foundation.framework */; };
		CB7472A51852C6060037448B /* CoreGraphics.framework in Frameworks */ = {isa = PBXBuildFile; fileRef = CB7472A41852C6060037448B /* CoreGraphics.framework */; };
		CB7472AB1852C6060037448B /* InfoPlist.strings in Resources */ = {isa = PBXBuildFile; fileRef = CB7472A91852C6060037448B /* InfoPlist.strings */; };
		CB7472AD1852C6060037448B /* main.m in Sources */ = {isa = PBXBuildFile; fileRef = CB7472AC1852C6060037448B /* main.m */; };
		CB7472B11852C6060037448B /* AppDelegate.m in Sources */ = {isa = PBXBuildFile; fileRef = CB7472B01852C6060037448B /* AppDelegate.m */; };
		CB7472B31852C6060037448B /* Default.png in Resources */ = {isa = PBXBuildFile; fileRef = CB7472B21852C6060037448B /* Default.png */; };
		CB7472B51852C6060037448B /* Default@2x.png in Resources */ = {isa = PBXBuildFile; fileRef = CB7472B41852C6060037448B /* Default@2x.png */; };
		CB7472B71852C6060037448B /* Default-568h@2x.png in Resources */ = {isa = PBXBuildFile; fileRef = CB7472B61852C6060037448B /* Default-568h@2x.png */; };
		CB7472BA1852C6060037448B /* ViewController.m in Sources */ = {isa = PBXBuildFile; fileRef = CB7472B91852C6060037448B /* ViewController.m */; };
		CB7472BD1852C6060037448B /* ViewController.xib in Resources */ = {isa = PBXBuildFile; fileRef = CB7472BB1852C6060037448B /* ViewController.xib */; };
		CB7472C61852C6220037448B /* KxMenu.m in Sources */ = {isa = PBXBuildFile; fileRef = CB7472C51852C6220037448B /* KxMenu.m */; };
/* End PBXBuildFile section */

/* Begin PBXFileReference section */
		CB74729D1852C6060037448B /* MenuDemo.app */ = {isa = PBXFileReference; explicitFileType = wrapper.application; includeInIndex = 0; path = MenuDemo.app; sourceTree = BUILT_PRODUCTS_DIR; };
		CB7472A01852C6060037448B /* UIKit.framework */ = {isa = PBXFileReference; lastKnownFileType = wrapper.framework; name = UIKit.framework; path = System/Library/Frameworks/UIKit.framework; sourceTree = SDKROOT; };
		CB7472A21852C6060037448B /* Foundation.framework */ = {isa = PBXFileReference; lastKnownFileType = wrapper.framework; name = Foundation.framework; path = System/Library/Frameworks/Foundation.framework; sourceTree = SDKROOT; };
		CB7472A41852C6060037448B /* CoreGraphics.framework */ = {isa = PBXFileReference; lastKnownFileType = wrapper.framework; name = CoreGraphics.framework; path = System/Library/Frameworks/CoreGraphics.framework; sourceTree = SDKROOT; };
		CB7472A81852C6060037448B /* MenuDemo-Info.plist */ = {isa = PBXFileReference; lastKnownFileType = text.plist.xml; path = "MenuDemo-Info.plist"; sourceTree = "<group>"; };
		CB7472AA1852C6060037448B /* en */ = {isa = PBXFileReference; lastKnownFileType = text.plist.strings; name = en; path = en.lproj/InfoPlist.strings; sourceTree = "<group>"; };
		CB7472AC1852C6060037448B /* main.m */ = {isa = PBXFileReference; lastKnownFileType = sourcecode.c.objc; path = main.m; sourceTree = "<group>"; };
		CB7472AE1852C6060037448B /* MenuDemo-Prefix.pch */ = {isa = PBXFileReference; lastKnownFileType = sourcecode.c.h; path = "MenuDemo-Prefix.pch"; sourceTree = "<group>"; };
		CB7472AF1852C6060037448B /* AppDelegate.h */ = {isa = PBXFileReference; lastKnownFileType = sourcecode.c.h; path = AppDelegate.h; sourceTree = "<group>"; };
		CB7472B01852C6060037448B /* AppDelegate.m */ = {isa = PBXFileReference; lastKnownFileType = sourcecode.c.objc; path = AppDelegate.m; sourceTree = "<group>"; };
		CB7472B21852C6060037448B /* Default.png */ = {isa = PBXFileReference; lastKnownFileType = image.png; path = Default.png; sourceTree = "<group>"; };
		CB7472B41852C6060037448B /* Default@2x.png */ = {isa = PBXFileReference; lastKnownFileType = image.png; path = "Default@2x.png"; sourceTree = "<group>"; };
		CB7472B61852C6060037448B /* Default-568h@2x.png */ = {isa = PBXFileReference; lastKnownFileType = image.png; path = "Default-568h@2x.png"; sourceTree = "<group>"; };
		CB7472B81852C6060037448B /* ViewController.h */ = {isa = PBXFileReference; lastKnownFileType = sourcecode.c.h; path = ViewController.h; sourceTree = "<group>"; };
		CB7472B91852C6060037448B /* ViewController.m */ = {isa = PBXFileReference; lastKnownFileType = sourcecode.c.objc; path = ViewController.m; sourceTree = "<group>"; };
		CB7472BC1852C6060037448B /* en */ = {isa = PBXFileReference; lastKnownFileType = file.xib; name = en; path = en.lproj/ViewController.xib; sourceTree = "<group>"; };
		CB7472C41852C6220037448B /* KxMenu.h */ = {isa = PBXFileReference; fileEncoding = 4; lastKnownFileType = sourcecode.c.h; path = KxMenu.h; sourceTree = "<group>"; };
		CB7472C51852C6220037448B /* KxMenu.m */ = {isa = PBXFileReference; fileEncoding = 4; lastKnownFileType = sourcecode.c.objc; path = KxMenu.m; sourceTree = "<group>"; };
/* End PBXFileReference section */

/* Begin PBXFrameworksBuildPhase section */
		CB74729A1852C6060037448B /* Frameworks */ = {
			isa = PBXFrameworksBuildPhase;
			buildActionMask = 2147483647;
			files = (
				CB7472A11852C6060037448B /* UIKit.framework in Frameworks */,
				CB7472A31852C6060037448B /* Foundation.framework in Frameworks */,
				CB7472A51852C6060037448B /* CoreGraphics.framework in Frameworks */,
			);
			runOnlyForDeploymentPostprocessing = 0;
		};
/* End PBXFrameworksBuildPhase section */

/* Begin PBXGroup section */
		CB7472941852C6060037448B = {
			isa = PBXGroup;
			children = (
				CB7472C31852C6220037448B /* Source */,
				CB7472A61852C6060037448B /* MenuDemo */,
				CB74729F1852C6060037448B /* Frameworks */,
				CB74729E1852C6060037448B /* Products */,
			);
			sourceTree = "<group>";
		};
		CB74729E1852C6060037448B /* Products */ = {
			isa = PBXGroup;
			children = (
				CB74729D1852C6060037448B /* MenuDemo.app */,
			);
			name = Products;
			sourceTree = "<group>";
		};
		CB74729F1852C6060037448B /* Frameworks */ = {
			isa = PBXGroup;
			children = (
				CB7472A01852C6060037448B /* UIKit.framework */,
				CB7472A21852C6060037448B /* Foundation.framework */,
				CB7472A41852C6060037448B /* CoreGraphics.framework */,
			);
			name = Frameworks;
			sourceTree = "<group>";
		};
		CB7472A61852C6060037448B /* MenuDemo */ = {
			isa = PBXGroup;
			children = (
				CB7472AF1852C6060037448B /* AppDelegate.h */,
				CB7472B01852C6060037448B /* AppDelegate.m */,
				CB7472B81852C6060037448B /* ViewController.h */,
				CB7472B91852C6060037448B /* ViewController.m */,
				CB7472BB1852C6060037448B /* ViewController.xib */,
				CB7472A71852C6060037448B /* Supporting Files */,
			);
			path = MenuDemo;
			sourceTree = "<group>";
		};
		CB7472A71852C6060037448B /* Supporting Files */ = {
			isa = PBXGroup;
			children = (
				CB7472A81852C6060037448B /* MenuDemo-Info.plist */,
				CB7472A91852C6060037448B /* InfoPlist.strings */,
				CB7472AC1852C6060037448B /* main.m */,
				CB7472AE1852C6060037448B /* MenuDemo-Prefix.pch */,
				CB7472B21852C6060037448B /* Default.png */,
				CB7472B41852C6060037448B /* Default@2x.png */,
				CB7472B61852C6060037448B /* Default-568h@2x.png */,
			);
			name = "Supporting Files";
			sourceTree = "<group>";
		};
		CB7472C31852C6220037448B /* Source */ = {
			isa = PBXGroup;
			children = (
				CB7472C41852C6220037448B /* KxMenu.h */,
				CB7472C51852C6220037448B /* KxMenu.m */,
			);
			path = Source;
			sourceTree = "<group>";
		};
/* End PBXGroup section */

/* Begin PBXNativeTarget section */
		CB74729C1852C6060037448B /* MenuDemo */ = {
			isa = PBXNativeTarget;
			buildConfigurationList = CB7472C01852C6060037448B /* Build configuration list for PBXNativeTarget "MenuDemo" */;
			buildPhases = (
				CB7472991852C6060037448B /* Sources */,
				CB74729A1852C6060037448B /* Frameworks */,
				CB74729B1852C6060037448B /* Resources */,
			);
			buildRules = (
			);
			dependencies = (
			);
			name = MenuDemo;
			productName = MenuDemo;
			productReference = CB74729D1852C6060037448B /* MenuDemo.app */;
			productType = "com.apple.product-type.application";
		};
/* End PBXNativeTarget section */

/* Begin PBXProject section */
		CB7472951852C6060037448B /* Project object */ = {
			isa = PBXProject;
			attributes = {
				LastUpgradeCheck = 0460;
				ORGANIZATIONNAME = zhou;
			};
			buildConfigurationList = CB7472981852C6060037448B /* Build configuration list for PBXProject "MenuDemo" */;
			compatibilityVersion = "Xcode 3.2";
			developmentRegion = English;
			hasScannedForEncodings = 0;
			knownRegions = (
				en,
			);
			mainGroup = CB7472941852C6060037448B;
			productRefGroup = CB74729E1852C6060037448B /* Products */;
			projectDirPath = "";
			projectRoot = "";
			targets = (
				CB74729C1852C6060037448B /* MenuDemo */,
			);
		};
/* End PBXProject section */

/* Begin PBXResourcesBuildPhase section */
		CB74729B1852C6060037448B /* Resources */ = {
			isa = PBXResourcesBuildPhase;
			buildActionMask = 2147483647;
			files = (
				CB7472AB1852C6060037448B /* InfoPlist.strings in Resources */,
				CB7472B31852C6060037448B /* Default.png in Resources */,
				CB7472B51852C6060037448B /* Default@2x.png in Resources */,
				CB7472B71852C6060037448B /* Default-568h@2x.png in Resources */,
				CB7472BD1852C6060037448B /* ViewController.xib in Resources */,
			);
			runOnlyForDeploymentPostprocessing = 0;
		};
/* End PBXResourcesBuildPhase section */

/* Begin PBXSourcesBuildPhase section */
		CB7472991852C6060037448B /* Sources */ = {
			isa = PBXSourcesBuildPhase;
			buildActionMask = 2147483647;
			files = (
				CB7472AD1852C6060037448B /* main.m in Sources */,
				CB7472B11852C6060037448B /* AppDelegate.m in Sources */,
				CB7472BA1852C6060037448B /* ViewController.m in Sources */,
				CB7472C61852C6220037448B /* KxMenu.m in Sources */,
			);
			runOnlyForDeploymentPostprocessing = 0;
		};
/* End PBXSourcesBuildPhase section */

/* Begin PBXVariantGroup section */
		CB7472A91852C6060037448B /* InfoPlist.strings */ = {
			isa = PBXVariantGroup;
			children = (
				CB7472AA1852C6060037448B /* en */,
			);
			name = InfoPlist.strings;
			sourceTree = "<group>";
		};
		CB7472BB1852C6060037448B /* ViewController.xib */ = {
			isa = PBXVariantGroup;
			children = (
				CB7472BC1852C6060037448B /* en */,
			);
			name = ViewController.xib;
			sourceTree = "<group>";
		};
/* End PBXVariantGroup section */

/* Begin XCBuildConfiguration section */
		CB7472BE1852C6060037448B /* Debug */ = {
			isa = XCBuildConfiguration;
			buildSettings = {
				ALWAYS_SEARCH_USER_PATHS = NO;
				CLANG_CXX_LANGUAGE_STANDARD = "gnu++0x";
				CLANG_CXX_LIBRARY = "libc++";
				CLANG_ENABLE_OBJC_ARC = YES;
				CLANG_WARN_CONSTANT_CONVERSION = YES;
				CLANG_WARN_EMPTY_BODY = YES;
				CLANG_WARN_ENUM_CONVERSION = YES;
				CLANG_WARN_INT_CONVERSION = YES;
				CLANG_WARN__DUPLICATE_METHOD_MATCH = YES;
				"CODE_SIGN_IDENTITY[sdk=iphoneos*]" = "iPhone Developer";
				COPY_PHASE_STRIP = NO;
				GCC_C_LANGUAGE_STANDARD = gnu99;
				GCC_DYNAMIC_NO_PIC = NO;
				GCC_OPTIMIZATION_LEVEL = 0;
				GCC_PREPROCESSOR_DEFINITIONS = (
					"DEBUG=1",
					"$(inherited)",
				);
				GCC_SYMBOLS_PRIVATE_EXTERN = NO;
				GCC_WARN_ABOUT_RETURN_TYPE = YES;
				GCC_WARN_UNINITIALIZED_AUTOS = YES;
				GCC_WARN_UNUSED_VARIABLE = YES;
				IPHONEOS_DEPLOYMENT_TARGET = 6.1;
				ONLY_ACTIVE_ARCH = YES;
				SDKROOT = iphoneos;
			};
			name = Debug;
		};
		CB7472BF1852C6060037448B /* Release */ = {
			isa = XCBuildConfiguration;
			buildSettings = {
				ALWAYS_SEARCH_USER_PATHS = NO;
				CLANG_CXX_LANGUAGE_STANDARD = "gnu++0x";
				CLANG_CXX_LIBRARY = "libc++";
				CLANG_ENABLE_OBJC_ARC = YES;
				CLANG_WARN_CONSTANT_CONVERSION = YES;
				CLANG_WARN_EMPTY_BODY = YES;
				CLANG_WARN_ENUM_CONVERSION = YES;
				CLANG_WARN_INT_CONVERSION = YES;
				CLANG_WARN__DUPLICATE_METHOD_MATCH = YES;
				"CODE_SIGN_IDENTITY[sdk=iphoneos*]" = "iPhone Developer";
				COPY_PHASE_STRIP = YES;
				GCC_C_LANGUAGE_STANDARD = gnu99;
				GCC_WARN_ABOUT_RETURN_TYPE = YES;
				GCC_WARN_UNINITIALIZED_AUTOS = YES;
				GCC_WARN_UNUSED_VARIABLE = YES;
				IPHONEOS_DEPLOYMENT_TARGET = 6.1;
				OTHER_CFLAGS = "-DNS_BLOCK_ASSERTIONS=1";
				SDKROOT = iphoneos;
				VALIDATE_PRODUCT = YES;
			};
			name = Release;
		};
		CB7472C11852C6060037448B /* Debug */ = {
			isa = XCBuildConfiguration;
			buildSettings = {
				GCC_PRECOMPILE_PREFIX_HEADER = YES;
				GCC_PREFIX_HEADER = "MenuDemo/MenuDemo-Prefix.pch";
				INFOPLIST_FILE = "MenuDemo/MenuDemo-Info.plist";
				PRODUCT_NAME = "$(TARGET_NAME)";
				WRAPPER_EXTENSION = app;
			};
			name = Debug;
		};
		CB7472C21852C6060037448B /* Release */ = {
			isa = XCBuildConfiguration;
			buildSettings = {
				GCC_PRECOMPILE_PREFIX_HEADER = YES;
				GCC_PREFIX_HEADER = "MenuDemo/MenuDemo-Prefix.pch";
				INFOPLIST_FILE = "MenuDemo/MenuDemo-Info.plist";
				PRODUCT_NAME = "$(TARGET_NAME)";
				WRAPPER_EXTENSION = app;
			};
			name = Release;
		};
/* End XCBuildConfiguration section */

/* Begin XCConfigurationList section */
		CB7472981852C6060037448B /* Build configuration list for PBXProject "MenuDemo" */ = {
			isa = XCConfigurationList;
			buildConfigurations = (
				CB7472BE1852C6060037448B /* Debug */,
				CB7472BF1852C6060037448B /* Release */,
			);
			defaultConfigurationIsVisible = 0;
			defaultConfigurationName = Release;
		};
		CB7472C01852C6060037448B /* Build configuration list for PBXNativeTarget "MenuDemo" */ = {
			isa = XCConfigurationList;
			buildConfigurations = (
				CB7472C11852C6060037448B /* Debug */,
				CB7472C21852C6060037448B /* Release */,
			);
			defaultConfigurationIsVisible = 0;
		};
/* End XCConfigurationList section */
	};
	rootObject = CB7472951852C6060037448B /* Project object */;
}
